// !$*UTF8*$!
{
	archiveVersion = 1;
	classes = {
	};
	objectVersion = 50;
	objects = {

/* Begin PBXBuildFile section */
		0F04235B26E7FE1A0099561A /* CardViewModel.swift in Sources */ = {isa = PBXBuildFile; fileRef = 0F04235A26E7FE1A0099561A /* CardViewModel.swift */; };
		0F14029426D1CF2400D0EBE8 /* AppDelegate.swift in Sources */ = {isa = PBXBuildFile; fileRef = 0F14029326D1CF2400D0EBE8 /* AppDelegate.swift */; };
		0F14029626D1CF2400D0EBE8 /* SceneDelegate.swift in Sources */ = {isa = PBXBuildFile; fileRef = 0F14029526D1CF2400D0EBE8 /* SceneDelegate.swift */; };
		0F14029B26D1CF2400D0EBE8 /* Main.storyboard in Resources */ = {isa = PBXBuildFile; fileRef = 0F14029926D1CF2400D0EBE8 /* Main.storyboard */; };
		0F14029D26D1CF2700D0EBE8 /* Assets.xcassets in Resources */ = {isa = PBXBuildFile; fileRef = 0F14029C26D1CF2700D0EBE8 /* Assets.xcassets */; };
		0F1402A026D1CF2700D0EBE8 /* LaunchScreen.storyboard in Resources */ = {isa = PBXBuildFile; fileRef = 0F14029E26D1CF2700D0EBE8 /* LaunchScreen.storyboard */; };
		0F1402AA26D1E8CC00D0EBE8 /* Extensions+UIView.swift in Sources */ = {isa = PBXBuildFile; fileRef = 0F1402A926D1E8CC00D0EBE8 /* Extensions+UIView.swift */; };
		0F1402AE26D45E4800D0EBE8 /* HomeBottomControlsStackView.swift in Sources */ = {isa = PBXBuildFile; fileRef = 0F1402AD26D45E4800D0EBE8 /* HomeBottomControlsStackView.swift */; };
		0F1402B526D4AAF400D0EBE8 /* TopNavigationStackView.swift in Sources */ = {isa = PBXBuildFile; fileRef = 0F1402B426D4AAF400D0EBE8 /* TopNavigationStackView.swift */; };
		0F1402B926D5AC8D00D0EBE8 /* CardView.swift in Sources */ = {isa = PBXBuildFile; fileRef = 0F1402B826D5AC8D00D0EBE8 /* CardView.swift */; };
		0F1402C026E4321700D0EBE8 /* User.swift in Sources */ = {isa = PBXBuildFile; fileRef = 0F1402BF26E4321700D0EBE8 /* User.swift */; };
		0F701D8626F02084003DAB7F /* Advertiser.swift in Sources */ = {isa = PBXBuildFile; fileRef = 0F701D8526F02084003DAB7F /* Advertiser.swift */; };
		0FA7DC5626F68D750091D30E /* RegistrationController.swift in Sources */ = {isa = PBXBuildFile; fileRef = 0FA7DC5526F68D750091D30E /* RegistrationController.swift */; };
		0FA7DC5926F8F7FC0091D30E /* CustomTextField.swift in Sources */ = {isa = PBXBuildFile; fileRef = 0FA7DC5826F8F7FC0091D30E /* CustomTextField.swift */; };
		0FBD549126E7EE570073A64B /* HomeController.swift in Sources */ = {isa = PBXBuildFile; fileRef = 0FBD549026E7EE570073A64B /* HomeController.swift */; };
		0FDF446F26FAA1FE00F3E5E2 /* RegistrationViewModel.swift in Sources */ = {isa = PBXBuildFile; fileRef = 0FDF446E26FAA1FE00F3E5E2 /* RegistrationViewModel.swift */; };
		DCBAE5E567B7C52F43DAD8FC /* Pods_SwipeMatchFireStore.framework in Frameworks */ = {isa = PBXBuildFile; fileRef = DA10F360440E9FA0C9F93CFD /* Pods_SwipeMatchFireStore.framework */; };
/* End PBXBuildFile section */

/* Begin PBXFileReference section */
		0F04235A26E7FE1A0099561A /* CardViewModel.swift */ = {isa = PBXFileReference; lastKnownFileType = sourcecode.swift; path = CardViewModel.swift; sourceTree = "<group>"; };
		0F14029026D1CF2400D0EBE8 /* SwipeMatchFireStore.app */ = {isa = PBXFileReference; explicitFileType = wrapper.application; includeInIndex = 0; path = SwipeMatchFireStore.app; sourceTree = BUILT_PRODUCTS_DIR; };
		0F14029326D1CF2400D0EBE8 /* AppDelegate.swift */ = {isa = PBXFileReference; lastKnownFileType = sourcecode.swift; path = AppDelegate.swift; sourceTree = "<group>"; };
		0F14029526D1CF2400D0EBE8 /* SceneDelegate.swift */ = {isa = PBXFileReference; lastKnownFileType = sourcecode.swift; path = SceneDelegate.swift; sourceTree = "<group>"; };
		0F14029A26D1CF2400D0EBE8 /* Base */ = {isa = PBXFileReference; lastKnownFileType = file.storyboard; name = Base; path = Base.lproj/Main.storyboard; sourceTree = "<group>"; };
		0F14029C26D1CF2700D0EBE8 /* Assets.xcassets */ = {isa = PBXFileReference; lastKnownFileType = folder.assetcatalog; path = Assets.xcassets; sourceTree = "<group>"; };
		0F14029F26D1CF2700D0EBE8 /* Base */ = {isa = PBXFileReference; lastKnownFileType = file.storyboard; name = Base; path = Base.lproj/LaunchScreen.storyboard; sourceTree = "<group>"; };
		0F1402A126D1CF2700D0EBE8 /* Info.plist */ = {isa = PBXFileReference; lastKnownFileType = text.plist.xml; path = Info.plist; sourceTree = "<group>"; };
		0F1402A926D1E8CC00D0EBE8 /* Extensions+UIView.swift */ = {isa = PBXFileReference; fileEncoding = 4; lastKnownFileType = sourcecode.swift; path = "Extensions+UIView.swift"; sourceTree = "<group>"; };
		0F1402AD26D45E4800D0EBE8 /* HomeBottomControlsStackView.swift */ = {isa = PBXFileReference; lastKnownFileType = sourcecode.swift; path = HomeBottomControlsStackView.swift; sourceTree = "<group>"; };
		0F1402B426D4AAF400D0EBE8 /* TopNavigationStackView.swift */ = {isa = PBXFileReference; lastKnownFileType = sourcecode.swift; path = TopNavigationStackView.swift; sourceTree = "<group>"; };
		0F1402B826D5AC8D00D0EBE8 /* CardView.swift */ = {isa = PBXFileReference; lastKnownFileType = sourcecode.swift; path = CardView.swift; sourceTree = "<group>"; };
		0F1402BF26E4321700D0EBE8 /* User.swift */ = {isa = PBXFileReference; lastKnownFileType = sourcecode.swift; path = User.swift; sourceTree = "<group>"; };
		0F701D8526F02084003DAB7F /* Advertiser.swift */ = {isa = PBXFileReference; lastKnownFileType = sourcecode.swift; path = Advertiser.swift; sourceTree = "<group>"; };
		0FA7DC5526F68D750091D30E /* RegistrationController.swift */ = {isa = PBXFileReference; lastKnownFileType = sourcecode.swift; path = RegistrationController.swift; sourceTree = "<group>"; };
		0FA7DC5826F8F7FC0091D30E /* CustomTextField.swift */ = {isa = PBXFileReference; lastKnownFileType = sourcecode.swift; path = CustomTextField.swift; sourceTree = "<group>"; };
		0FBD549026E7EE570073A64B /* HomeController.swift */ = {isa = PBXFileReference; lastKnownFileType = sourcecode.swift; path = HomeController.swift; sourceTree = "<group>"; };
		0FDF446E26FAA1FE00F3E5E2 /* RegistrationViewModel.swift */ = {isa = PBXFileReference; lastKnownFileType = sourcecode.swift; path = RegistrationViewModel.swift; sourceTree = "<group>"; };
		61D6477FEF664ACE21C13028 /* Pods-SwipeMatchFireStore.debug.xcconfig */ = {isa = PBXFileReference; includeInIndex = 1; lastKnownFileType = text.xcconfig; name = "Pods-SwipeMatchFireStore.debug.xcconfig"; path = "Target Support Files/Pods-SwipeMatchFireStore/Pods-SwipeMatchFireStore.debug.xcconfig"; sourceTree = "<group>"; };
		DA10F360440E9FA0C9F93CFD /* Pods_SwipeMatchFireStore.framework */ = {isa = PBXFileReference; explicitFileType = wrapper.framework; includeInIndex = 0; path = Pods_SwipeMatchFireStore.framework; sourceTree = BUILT_PRODUCTS_DIR; };
		DF0936D3AFCD82DE50B3D57E /* Pods-SwipeMatchFireStore.release.xcconfig */ = {isa = PBXFileReference; includeInIndex = 1; lastKnownFileType = text.xcconfig; name = "Pods-SwipeMatchFireStore.release.xcconfig"; path = "Target Support Files/Pods-SwipeMatchFireStore/Pods-SwipeMatchFireStore.release.xcconfig"; sourceTree = "<group>"; };
/* End PBXFileReference section */

/* Begin PBXFrameworksBuildPhase section */
		0F14028D26D1CF2400D0EBE8 /* Frameworks */ = {
			isa = PBXFrameworksBuildPhase;
			buildActionMask = 2147483647;
			files = (
				DCBAE5E567B7C52F43DAD8FC /* Pods_SwipeMatchFireStore.framework in Frameworks */,
			);
			runOnlyForDeploymentPostprocessing = 0;
		};
/* End PBXFrameworksBuildPhase section */

/* Begin PBXGroup section */
		0F04235926E7FDFA0099561A /* ViewModels */ = {
			isa = PBXGroup;
			children = (
				0F04235A26E7FE1A0099561A /* CardViewModel.swift */,
			);
			path = ViewModels;
			sourceTree = "<group>";
		};
		0F14028726D1CF2400D0EBE8 = {
			isa = PBXGroup;
			children = (
				0F14029226D1CF2400D0EBE8 /* SwipeMatchFireStore */,
				0F14029126D1CF2400D0EBE8 /* Products */,
				33B911037145E5B0CD3FA643 /* Pods */,
				FFF3E9A964B483D4DF81DCA1 /* Frameworks */,
			);
			sourceTree = "<group>";
		};
		0F14029126D1CF2400D0EBE8 /* Products */ = {
			isa = PBXGroup;
			children = (
				0F14029026D1CF2400D0EBE8 /* SwipeMatchFireStore.app */,
			);
			name = Products;
			sourceTree = "<group>";
		};
		0F14029226D1CF2400D0EBE8 /* SwipeMatchFireStore */ = {
			isa = PBXGroup;
			children = (
				0F1402A826D1E8B400D0EBE8 /* Extensions */,
				0F1402BE26E4320300D0EBE8 /* Model */,
				0F1402AC26D45E0200D0EBE8 /* Views */,
				0F04235926E7FDFA0099561A /* ViewModels */,
				0FBD548E26E7EC8E0073A64B /* Controllers */,
				0F14029526D1CF2400D0EBE8 /* SceneDelegate.swift */,
				0F14029326D1CF2400D0EBE8 /* AppDelegate.swift */,
				0F14029926D1CF2400D0EBE8 /* Main.storyboard */,
				0F14029C26D1CF2700D0EBE8 /* Assets.xcassets */,
				0F14029E26D1CF2700D0EBE8 /* LaunchScreen.storyboard */,
				0F1402A126D1CF2700D0EBE8 /* Info.plist */,
			);
			path = SwipeMatchFireStore;
			sourceTree = "<group>";
		};
		0F1402A826D1E8B400D0EBE8 /* Extensions */ = {
			isa = PBXGroup;
			children = (
				0F1402A926D1E8CC00D0EBE8 /* Extensions+UIView.swift */,
			);
			path = Extensions;
			sourceTree = "<group>";
		};
		0F1402AC26D45E0200D0EBE8 /* Views */ = {
			isa = PBXGroup;
			children = (
				0F1402AD26D45E4800D0EBE8 /* HomeBottomControlsStackView.swift */,
				0F1402B426D4AAF400D0EBE8 /* TopNavigationStackView.swift */,
				0F1402B826D5AC8D00D0EBE8 /* CardView.swift */,
				0FA7DC5826F8F7FC0091D30E /* CustomTextField.swift */,
			);
			path = Views;
			sourceTree = "<group>";
		};
		0F1402BE26E4320300D0EBE8 /* Model */ = {
			isa = PBXGroup;
			children = (
				0F1402BF26E4321700D0EBE8 /* User.swift */,
				0F701D8526F02084003DAB7F /* Advertiser.swift */,
			);
			path = Model;
			sourceTree = "<group>";
		};
		0FBD548E26E7EC8E0073A64B /* Controllers */ = {
			isa = PBXGroup;
			children = (
				0FBD549026E7EE570073A64B /* HomeController.swift */,
				0FA7DC5526F68D750091D30E /* RegistrationController.swift */,
				0FDF446E26FAA1FE00F3E5E2 /* RegistrationViewModel.swift */,
			);
			path = Controllers;
			sourceTree = "<group>";
		};
		33B911037145E5B0CD3FA643 /* Pods */ = {
			isa = PBXGroup;
			children = (
				61D6477FEF664ACE21C13028 /* Pods-SwipeMatchFireStore.debug.xcconfig */,
				DF0936D3AFCD82DE50B3D57E /* Pods-SwipeMatchFireStore.release.xcconfig */,
			);
			name = Pods;
			path = Pods;
			sourceTree = "<group>";
		};
		FFF3E9A964B483D4DF81DCA1 /* Frameworks */ = {
			isa = PBXGroup;
			children = (
				DA10F360440E9FA0C9F93CFD /* Pods_SwipeMatchFireStore.framework */,
			);
			name = Frameworks;
			sourceTree = "<group>";
		};
/* End PBXGroup section */

/* Begin PBXNativeTarget section */
		0F14028F26D1CF2400D0EBE8 /* SwipeMatchFireStore */ = {
			isa = PBXNativeTarget;
			buildConfigurationList = 0F1402A426D1CF2700D0EBE8 /* Build configuration list for PBXNativeTarget "SwipeMatchFireStore" */;
			buildPhases = (
				F278D63411178E3A36B468D3 /* [CP] Check Pods Manifest.lock */,
				0F14028C26D1CF2400D0EBE8 /* Sources */,
				0F14028D26D1CF2400D0EBE8 /* Frameworks */,
				0F14028E26D1CF2400D0EBE8 /* Resources */,
				57D0224F4F99C146780AF968 /* [CP] Embed Pods Frameworks */,
			);
			buildRules = (
			);
			dependencies = (
			);
			name = SwipeMatchFireStore;
			productName = SwipeMatchFireStore;
			productReference = 0F14029026D1CF2400D0EBE8 /* SwipeMatchFireStore.app */;
			productType = "com.apple.product-type.application";
		};
/* End PBXNativeTarget section */

/* Begin PBXProject section */
		0F14028826D1CF2400D0EBE8 /* Project object */ = {
			isa = PBXProject;
			attributes = {
				LastSwiftUpdateCheck = 1240;
				LastUpgradeCheck = 1240;
				TargetAttributes = {
					0F14028F26D1CF2400D0EBE8 = {
						CreatedOnToolsVersion = 12.4;
					};
				};
			};
			buildConfigurationList = 0F14028B26D1CF2400D0EBE8 /* Build configuration list for PBXProject "SwipeMatchFireStore" */;
			compatibilityVersion = "Xcode 9.3";
			developmentRegion = en;
			hasScannedForEncodings = 0;
			knownRegions = (
				en,
				Base,
			);
			mainGroup = 0F14028726D1CF2400D0EBE8;
			productRefGroup = 0F14029126D1CF2400D0EBE8 /* Products */;
			projectDirPath = "";
			projectRoot = "";
			targets = (
				0F14028F26D1CF2400D0EBE8 /* SwipeMatchFireStore */,
			);
		};
/* End PBXProject section */

/* Begin PBXResourcesBuildPhase section */
		0F14028E26D1CF2400D0EBE8 /* Resources */ = {
			isa = PBXResourcesBuildPhase;
			buildActionMask = 2147483647;
			files = (
				0F1402A026D1CF2700D0EBE8 /* LaunchScreen.storyboard in Resources */,
				0F14029D26D1CF2700D0EBE8 /* Assets.xcassets in Resources */,
				0F14029B26D1CF2400D0EBE8 /* Main.storyboard in Resources */,
			);
			runOnlyForDeploymentPostprocessing = 0;
		};
/* End PBXResourcesBuildPhase section */

/* Begin PBXShellScriptBuildPhase section */
		57D0224F4F99C146780AF968 /* [CP] Embed Pods Frameworks */ = {
			isa = PBXShellScriptBuildPhase;
			buildActionMask = 2147483647;
			files = (
			);
			inputFileListPaths = (
				"${PODS_ROOT}/Target Support Files/Pods-SwipeMatchFireStore/Pods-SwipeMatchFireStore-frameworks-${CONFIGURATION}-input-files.xcfilelist",
			);
			name = "[CP] Embed Pods Frameworks";
			outputFileListPaths = (
				"${PODS_ROOT}/Target Support Files/Pods-SwipeMatchFireStore/Pods-SwipeMatchFireStore-frameworks-${CONFIGURATION}-output-files.xcfilelist",
			);
			runOnlyForDeploymentPostprocessing = 0;
			shellPath = /bin/sh;
			shellScript = "\"${PODS_ROOT}/Target Support Files/Pods-SwipeMatchFireStore/Pods-SwipeMatchFireStore-frameworks.sh\"\n";
			showEnvVarsInLog = 0;
		};
		F278D63411178E3A36B468D3 /* [CP] Check Pods Manifest.lock */ = {
			isa = PBXShellScriptBuildPhase;
			buildActionMask = 2147483647;
			files = (
			);
			inputFileListPaths = (
			);
			inputPaths = (
				"${PODS_PODFILE_DIR_PATH}/Podfile.lock",
				"${PODS_ROOT}/Manifest.lock",
			);
			name = "[CP] Check Pods Manifest.lock";
			outputFileListPaths = (
			);
			outputPaths = (
				"$(DERIVED_FILE_DIR)/Pods-SwipeMatchFireStore-checkManifestLockResult.txt",
			);
			runOnlyForDeploymentPostprocessing = 0;
			shellPath = /bin/sh;
			shellScript = "diff \"${PODS_PODFILE_DIR_PATH}/Podfile.lock\" \"${PODS_ROOT}/Manifest.lock\" > /dev/null\nif [ $? != 0 ] ; then\n    # print error to STDERR\n    echo \"error: The sandbox is not in sync with the Podfile.lock. Run 'pod install' or update your CocoaPods installation.\" >&2\n    exit 1\nfi\n# This output is used by Xcode 'outputs' to avoid re-running this script phase.\necho \"SUCCESS\" > \"${SCRIPT_OUTPUT_FILE_0}\"\n";
			showEnvVarsInLog = 0;
		};
/* End PBXShellScriptBuildPhase section */

/* Begin PBXSourcesBuildPhase section */
		0F14028C26D1CF2400D0EBE8 /* Sources */ = {
			isa = PBXSourcesBuildPhase;
			buildActionMask = 2147483647;
			files = (
				0F701D8626F02084003DAB7F /* Advertiser.swift in Sources */,
				0F1402B926D5AC8D00D0EBE8 /* CardView.swift in Sources */,
				0F14029426D1CF2400D0EBE8 /* AppDelegate.swift in Sources */,
				0F1402AE26D45E4800D0EBE8 /* HomeBottomControlsStackView.swift in Sources */,
				0F1402C026E4321700D0EBE8 /* User.swift in Sources */,
				0FBD549126E7EE570073A64B /* HomeController.swift in Sources */,
				0FA7DC5626F68D750091D30E /* RegistrationController.swift in Sources */,
				0F1402B526D4AAF400D0EBE8 /* TopNavigationStackView.swift in Sources */,
				0FA7DC5926F8F7FC0091D30E /* CustomTextField.swift in Sources */,
				0FDF446F26FAA1FE00F3E5E2 /* RegistrationViewModel.swift in Sources */,
				0F1402AA26D1E8CC00D0EBE8 /* Extensions+UIView.swift in Sources */,
				0F14029626D1CF2400D0EBE8 /* SceneDelegate.swift in Sources */,
				0F04235B26E7FE1A0099561A /* CardViewModel.swift in Sources */,
			);
			runOnlyForDeploymentPostprocessing = 0;
		};
/* End PBXSourcesBuildPhase section */

/* Begin PBXVariantGroup section */
		0F14029926D1CF2400D0EBE8 /* Main.storyboard */ = {
			isa = PBXVariantGroup;
			children = (
				0F14029A26D1CF2400D0EBE8 /* Base */,
			);
			name = Main.storyboard;
			sourceTree = "<group>";
		};
		0F14029E26D1CF2700D0EBE8 /* LaunchScreen.storyboard */ = {
			isa = PBXVariantGroup;
			children = (
				0F14029F26D1CF2700D0EBE8 /* Base */,
			);
			name = LaunchScreen.storyboard;
			sourceTree = "<group>";
		};
/* End PBXVariantGroup section */

/* Begin XCBuildConfiguration section */
		0F1402A226D1CF2700D0EBE8 /* Debug */ = {
			isa = XCBuildConfiguration;
			buildSettings = {
				ALWAYS_SEARCH_USER_PATHS = NO;
				CLANG_ANALYZER_NONNULL = YES;
				CLANG_ANALYZER_NUMBER_OBJECT_CONVERSION = YES_AGGRESSIVE;
				CLANG_CXX_LANGUAGE_STANDARD = "gnu++14";
				CLANG_CXX_LIBRARY = "libc++";
				CLANG_ENABLE_MODULES = YES;
				CLANG_ENABLE_OBJC_ARC = YES;
				CLANG_ENABLE_OBJC_WEAK = YES;
				CLANG_WARN_BLOCK_CAPTURE_AUTORELEASING = YES;
				CLANG_WARN_BOOL_CONVERSION = YES;
				CLANG_WARN_COMMA = YES;
				CLANG_WARN_CONSTANT_CONVERSION = YES;
				CLANG_WARN_DEPRECATED_OBJC_IMPLEMENTATIONS = YES;
				CLANG_WARN_DIRECT_OBJC_ISA_USAGE = YES_ERROR;
				CLANG_WARN_DOCUMENTATION_COMMENTS = YES;
				CLANG_WARN_EMPTY_BODY = YES;
				CLANG_WARN_ENUM_CONVERSION = YES;
				CLANG_WARN_INFINITE_RECURSION = YES;
				CLANG_WARN_INT_CONVERSION = YES;
				CLANG_WARN_NON_LITERAL_NULL_CONVERSION = YES;
				CLANG_WARN_OBJC_IMPLICIT_RETAIN_SELF = YES;
				CLANG_WARN_OBJC_LITERAL_CONVERSION = YES;
				CLANG_WARN_OBJC_ROOT_CLASS = YES_ERROR;
				CLANG_WARN_QUOTED_INCLUDE_IN_FRAMEWORK_HEADER = YES;
				CLANG_WARN_RANGE_LOOP_ANALYSIS = YES;
				CLANG_WARN_STRICT_PROTOTYPES = YES;
				CLANG_WARN_SUSPICIOUS_MOVE = YES;
				CLANG_WARN_UNGUARDED_AVAILABILITY = YES_AGGRESSIVE;
				CLANG_WARN_UNREACHABLE_CODE = YES;
				CLANG_WARN__DUPLICATE_METHOD_MATCH = YES;
				COPY_PHASE_STRIP = NO;
				DEBUG_INFORMATION_FORMAT = dwarf;
				ENABLE_STRICT_OBJC_MSGSEND = YES;
				ENABLE_TESTABILITY = YES;
				GCC_C_LANGUAGE_STANDARD = gnu11;
				GCC_DYNAMIC_NO_PIC = NO;
				GCC_NO_COMMON_BLOCKS = YES;
				GCC_OPTIMIZATION_LEVEL = 0;
				GCC_PREPROCESSOR_DEFINITIONS = (
					"DEBUG=1",
					"$(inherited)",
				);
				GCC_WARN_64_TO_32_BIT_CONVERSION = YES;
				GCC_WARN_ABOUT_RETURN_TYPE = YES_ERROR;
				GCC_WARN_UNDECLARED_SELECTOR = YES;
				GCC_WARN_UNINITIALIZED_AUTOS = YES_AGGRESSIVE;
				GCC_WARN_UNUSED_FUNCTION = YES;
				GCC_WARN_UNUSED_VARIABLE = YES;
				IPHONEOS_DEPLOYMENT_TARGET = 14.4;
				MTL_ENABLE_DEBUG_INFO = INCLUDE_SOURCE;
				MTL_FAST_MATH = YES;
				ONLY_ACTIVE_ARCH = YES;
				SDKROOT = iphoneos;
				SWIFT_ACTIVE_COMPILATION_CONDITIONS = DEBUG;
				SWIFT_OPTIMIZATION_LEVEL = "-Onone";
			};
			name = Debug;
		};
		0F1402A326D1CF2700D0EBE8 /* Release */ = {
			isa = XCBuildConfiguration;
			buildSettings = {
				ALWAYS_SEARCH_USER_PATHS = NO;
				CLANG_ANALYZER_NONNULL = YES;
				CLANG_ANALYZER_NUMBER_OBJECT_CONVERSION = YES_AGGRESSIVE;
				CLANG_CXX_LANGUAGE_STANDARD = "gnu++14";
				CLANG_CXX_LIBRARY = "libc++";
				CLANG_ENABLE_MODULES = YES;
				CLANG_ENABLE_OBJC_ARC = YES;
				CLANG_ENABLE_OBJC_WEAK = YES;
				CLANG_WARN_BLOCK_CAPTURE_AUTORELEASING = YES;
				CLANG_WARN_BOOL_CONVERSION = YES;
				CLANG_WARN_COMMA = YES;
				CLANG_WARN_CONSTANT_CONVERSION = YES;
				CLANG_WARN_DEPRECATED_OBJC_IMPLEMENTATIONS = YES;
				CLANG_WARN_DIRECT_OBJC_ISA_USAGE = YES_ERROR;
				CLANG_WARN_DOCUMENTATION_COMMENTS = YES;
				CLANG_WARN_EMPTY_BODY = YES;
				CLANG_WARN_ENUM_CONVERSION = YES;
				CLANG_WARN_INFINITE_RECURSION = YES;
				CLANG_WARN_INT_CONVERSION = YES;
				CLANG_WARN_NON_LITERAL_NULL_CONVERSION = YES;
				CLANG_WARN_OBJC_IMPLICIT_RETAIN_SELF = YES;
				CLANG_WARN_OBJC_LITERAL_CONVERSION = YES;
				CLANG_WARN_OBJC_ROOT_CLASS = YES_ERROR;
				CLANG_WARN_QUOTED_INCLUDE_IN_FRAMEWORK_HEADER = YES;
				CLANG_WARN_RANGE_LOOP_ANALYSIS = YES;
				CLANG_WARN_STRICT_PROTOTYPES = YES;
				CLANG_WARN_SUSPICIOUS_MOVE = YES;
				CLANG_WARN_UNGUARDED_AVAILABILITY = YES_AGGRESSIVE;
				CLANG_WARN_UNREACHABLE_CODE = YES;
				CLANG_WARN__DUPLICATE_METHOD_MATCH = YES;
				COPY_PHASE_STRIP = NO;
				DEBUG_INFORMATION_FORMAT = "dwarf-with-dsym";
				ENABLE_NS_ASSERTIONS = NO;
				ENABLE_STRICT_OBJC_MSGSEND = YES;
				GCC_C_LANGUAGE_STANDARD = gnu11;
				GCC_NO_COMMON_BLOCKS = YES;
				GCC_WARN_64_TO_32_BIT_CONVERSION = YES;
				GCC_WARN_ABOUT_RETURN_TYPE = YES_ERROR;
				GCC_WARN_UNDECLARED_SELECTOR = YES;
				GCC_WARN_UNINITIALIZED_AUTOS = YES_AGGRESSIVE;
				GCC_WARN_UNUSED_FUNCTION = YES;
				GCC_WARN_UNUSED_VARIABLE = YES;
				IPHONEOS_DEPLOYMENT_TARGET = 14.4;
				MTL_ENABLE_DEBUG_INFO = NO;
				MTL_FAST_MATH = YES;
				SDKROOT = iphoneos;
				SWIFT_COMPILATION_MODE = wholemodule;
				SWIFT_OPTIMIZATION_LEVEL = "-O";
				VALIDATE_PRODUCT = YES;
			};
			name = Release;
		};
		0F1402A526D1CF2700D0EBE8 /* Debug */ = {
			isa = XCBuildConfiguration;
			baseConfigurationReference = 61D6477FEF664ACE21C13028 /* Pods-SwipeMatchFireStore.debug.xcconfig */;
			buildSettings = {
				ASSETCATALOG_COMPILER_APPICON_NAME = AppIcon;
				ASSETCATALOG_COMPILER_GLOBAL_ACCENT_COLOR_NAME = AccentColor;
				CODE_SIGN_STYLE = Automatic;
				INFOPLIST_FILE = SwipeMatchFireStore/Info.plist;
				LD_RUNPATH_SEARCH_PATHS = (
					"$(inherited)",
					"@executable_path/Frameworks",
				);
				PRODUCT_BUNDLE_IDENTIFIER = com.aDayur.SwipeMatchFireStore;
				PRODUCT_NAME = "$(TARGET_NAME)";
				SWIFT_VERSION = 5.0;
				TARGETED_DEVICE_FAMILY = "1,2";
			};
			name = Debug;
		};
		0F1402A626D1CF2700D0EBE8 /* Release */ = {
			isa = XCBuildConfiguration;
			baseConfigurationReference = DF0936D3AFCD82DE50B3D57E /* Pods-SwipeMatchFireStore.release.xcconfig */;
			buildSettings = {
				ASSETCATALOG_COMPILER_APPICON_NAME = AppIcon;
				ASSETCATALOG_COMPILER_GLOBAL_ACCENT_COLOR_NAME = AccentColor;
				CODE_SIGN_STYLE = Automatic;
				INFOPLIST_FILE = SwipeMatchFireStore/Info.plist;
				LD_RUNPATH_SEARCH_PATHS = (
					"$(inherited)",
					"@executable_path/Frameworks",
				);
				PRODUCT_BUNDLE_IDENTIFIER = com.aDayur.SwipeMatchFireStore;
				PRODUCT_NAME = "$(TARGET_NAME)";
				SWIFT_VERSION = 5.0;
				TARGETED_DEVICE_FAMILY = "1,2";
			};
			name = Release;
		};
/* End XCBuildConfiguration section */

/* Begin XCConfigurationList section */
		0F14028B26D1CF2400D0EBE8 /* Build configuration list for PBXProject "SwipeMatchFireStore" */ = {
			isa = XCConfigurationList;
			buildConfigurations = (
				0F1402A226D1CF2700D0EBE8 /* Debug */,
				0F1402A326D1CF2700D0EBE8 /* Release */,
			);
			defaultConfigurationIsVisible = 0;
			defaultConfigurationName = Release;
		};
		0F1402A426D1CF2700D0EBE8 /* Build configuration list for PBXNativeTarget "SwipeMatchFireStore" */ = {
			isa = XCConfigurationList;
			buildConfigurations = (
				0F1402A526D1CF2700D0EBE8 /* Debug */,
				0F1402A626D1CF2700D0EBE8 /* Release */,
			);
			defaultConfigurationIsVisible = 0;
			defaultConfigurationName = Release;
		};
/* End XCConfigurationList section */
	};
	rootObject = 0F14028826D1CF2400D0EBE8 /* Project object */;
}
